{
    "_readme": [
        "This file locks the dependencies of your project to a known state",
        "Read more about it at http://getcomposer.org/doc/01-basic-usage.md#composer-lock-the-lock-file"
    ],
    "hash": "b521f5a5f061f54cf3bbd82dbbc3a41d",
    "packages": [
        {
            "name": "giggsey/libphonenumber-for-php",
            "version": "5.7",
            "source": {
                "type": "git",
                "url": "https://github.com/giggsey/libphonenumber-for-php.git",
                "reference": "5.7"
            },
            "dist": {
                "type": "zip",
                "url": "https://api.github.com/repos/giggsey/libphonenumber-for-php/zipball/5.7",
                "reference": "5.7",
                "shasum": ""
            },
            "replace": {
                "practo/libphonenumber-for-php": "*"
            },
            "require-dev": {
                "phpunit/phpunit": "3.7"
            },
            "type": "library",
            "autoload": {
                "psr-0": {
                    "libphonenumber": "src/"
                }
            },
            "notification-url": "https://packagist.org/downloads/",
            "license": [
                "Apache-2.0"
            ],
            "description": "Unofficial PHP Port of Google's libphonenumber",
            "homepage": "https://github.com/giggsey/libphonenumber-for-php",
            "keywords": [
                "libphonenumber",
                "mobile",
                "phonenumber",
                "validation"
            ],
            "time": "2013-07-24 15:02:05"
        },
        {
            "name": "giggsey/libphonenumber-geocoder",
            "version": "dev-master",
            "source": {
                "type": "git",
                "url": "https://github.com/giggsey/libphonenumber-geocoder.git",
                "reference": "6eecff615dfa550bc367905ed45f570b05474257"
            },
            "dist": {
                "type": "zip",
                "url": "https://api.github.com/repos/giggsey/libphonenumber-geocoder/zipball/6eecff615dfa550bc367905ed45f570b05474257",
                "reference": "6eecff615dfa550bc367905ed45f570b05474257",
                "shasum": ""
            },
            "require": {
                "ext-intl": "*",
                "giggsey/libphonenumber-for-php": "~5.7"
            },
            "require-dev": {
                "phpunit/phpunit": "~3.7"
            },
            "type": "library",
            "autoload": {
                "psr-0": {
                    "libphonenumber\\geocoding\\": "src/"
                }
            },
            "notification-url": "https://packagist.org/downloads/",
            "license": [
                "Apache-2.0"
            ],
            "authors": [
                {
                    "name": "Joshua Gigg",
                    "email": "giggsey@gmail.com"
                }
            ],
            "description": "An unofficial port of Google's libphonenumber geocoder",
            "homepage": "https://github.com/giggsey/libphonenumber-geocoder",
            "keywords": [
                "geocoding",
                "libphonenumber",
                "phonenumber"
            ],
            "time": "2013-07-28 21:32:14"
        },
        {
            "name": "twig/twig",
            "version": "1.6.5",
            "source": {
                "type": "git",
                "url": "git://github.com/fabpot/Twig.git",
                "reference": "v1.6.5"
            },
            "dist": {
                "type": "zip",
                "url": "https://github.com/fabpot/Twig/zipball/v1.6.5",
                "reference": "v1.6.5",
                "shasum": ""
            },
            "require": {
                "php": ">=5.2.4"
            },
            "type": "library",
            "autoload": {
                "psr-0": {
                    "Twig_": "lib/"
                }
            },
            "notification-url": "https://packagist.org/downloads/",
            "license": [
                "BSD"
            ],
            "authors": [
                {
                    "name": "Fabien Potencier",
                    "email": "fabien@symfony.com"
                },
                {
                    "name": "Armin Ronacher",
                    "email": "armin.ronacher@active-4.com"
                }
            ],
            "description": "Twig, the flexible, fast, and secure template language for PHP",
            "homepage": "http://twig.sensiolabs.org",
            "keywords": [
                "templating"
            ],
            "time": "2012-04-11 02:00:38"
        }
    ],
    "packages-dev": [

    ],
    "aliases": [

    ],
    "minimum-stability": "stable",
    "stability-flags": {
        "giggsey/libphonenumber-geocoder": 20
    },
    "platform": [

    ],
    "platform-dev": [

    ]
}
